
Microsoft Visual Studio Solution File, Format Version 12.00
# Visual Studio Version 17
VisualStudioVersion = 17.3.32825.248
MinimumVisualStudioVersion = 10.0.40219.1
Project("{FAE04EC0-301F-11D3-BF4B-00C04F79EFBC}") = "Lab01", "Lab01\Lab01.csproj", "{8064E53C-C215-46EC-A8CC-31CB3F5B5609}"
EndProject
Global
	GlobalSection(SolutionConfigurationPlatforms) = preSolution
		Debug|Any CPU = Debug|Any CPU
		Release|Any CPU = Release|Any CPU
	EndGlobalSection
	GlobalSection(ProjectConfigurationPlatforms) = postSolution
		{8064E53C-C215-46EC-A8CC-31CB3F5B5609}.Debug|Any CPU.ActiveCfg = Debug|Any CPU
		{8064E53C-C215-46EC-A8CC-31CB3F5B5609}.Debug|Any CPU.Build.0 = Debug|Any CPU
		{8064E53C-C215-46EC-A8CC-31CB3F5B5609}.Release|Any CPU.ActiveCfg = Release|Any CPU
		{8064E53C-C215-46EC-A8CC-31CB3F5B5609}.Release|Any CPU.Build.0 = Release|Any CPU
	EndGlobalSection
	GlobalSection(SolutionProperties) = preSolution
		HideSolutionNode = FALSE
	EndGlobalSection
	GlobalSection(ExtensibilityGlobals) = postSolution
		SolutionGuid = {7ED58DFD-A865-4CCE-9134-3B3D65A7393D}
	EndGlobalSection
EndGlobal
