
Microsoft Visual Studio Solution File, Format Version 12.00
# Visual Studio Version 17
VisualStudioVersion = 17.3.32825.248
MinimumVisualStudioVersion = 10.0.40219.1
Project("{FAE04EC0-301F-11D3-BF4B-00C04F79EFBC}") = "Lab06", "Lab06\Lab06.csproj", "{092FBB07-AEE0-4E3C-A3EB-6A90E769ACA7}"
EndProject
Global
	GlobalSection(SolutionConfigurationPlatforms) = preSolution
		Debug|Any CPU = Debug|Any CPU
		Release|Any CPU = Release|Any CPU
	EndGlobalSection
	GlobalSection(ProjectConfigurationPlatforms) = postSolution
		{092FBB07-AEE0-4E3C-A3EB-6A90E769ACA7}.Debug|Any CPU.ActiveCfg = Debug|Any CPU
		{092FBB07-AEE0-4E3C-A3EB-6A90E769ACA7}.Debug|Any CPU.Build.0 = Debug|Any CPU
		{092FBB07-AEE0-4E3C-A3EB-6A90E769ACA7}.Release|Any CPU.ActiveCfg = Release|Any CPU
		{092FBB07-AEE0-4E3C-A3EB-6A90E769ACA7}.Release|Any CPU.Build.0 = Release|Any CPU
	EndGlobalSection
	GlobalSection(SolutionProperties) = preSolution
		HideSolutionNode = FALSE
	EndGlobalSection
	GlobalSection(ExtensibilityGlobals) = postSolution
		SolutionGuid = {3C978174-96EF-4662-8418-850C4B1A7F43}
	EndGlobalSection
EndGlobal
